
Microsoft Visual Studio Solution File, Format Version 12.00
# Visual Studio Version 16
VisualStudioVersion = 16.0.31624.102
MinimumVisualStudioVersion = 10.0.40219.1
Project("{FAE04EC0-301F-11D3-BF4B-00C04F79EFBC}") = "PRACTICA_API", "PRACTICA_API\PRACTICA_API.csproj", "{3209ADFB-133B-4FC5-B816-E493BD96CD4D}"
EndProject
Global
	GlobalSection(SolutionConfigurationPlatforms) = preSolution
		Debug|Any CPU = Debug|Any CPU
		Release|Any CPU = Release|Any CPU
	EndGlobalSection
	GlobalSection(ProjectConfigurationPlatforms) = postSolution
		{3209ADFB-133B-4FC5-B816-E493BD96CD4D}.Debug|Any CPU.ActiveCfg = Debug|Any CPU
		{3209ADFB-133B-4FC5-B816-E493BD96CD4D}.Debug|Any CPU.Build.0 = Debug|Any CPU
		{3209ADFB-133B-4FC5-B816-E493BD96CD4D}.Release|Any CPU.ActiveCfg = Release|Any CPU
		{3209ADFB-133B-4FC5-B816-E493BD96CD4D}.Release|Any CPU.Build.0 = Release|Any CPU
	EndGlobalSection
	GlobalSection(SolutionProperties) = preSolution
		HideSolutionNode = FALSE
	EndGlobalSection
	GlobalSection(ExtensibilityGlobals) = postSolution
		SolutionGuid = {70B98B3B-9F63-4AE8-9A76-B509AF1BD5C3}
	EndGlobalSection
EndGlobal
